<Solution>
  <Folder Name="/samples/">
    <Project Path="samples/ConsoleTestClient/ConsoleTestClient.csproj" />
  </Folder>
  <Folder Name="/src/">
    <Project Path="src/AppStatServer/AppStatServer.csproj" />
  </Folder>
  <Folder Name="/tests/">
    <Project Path="tests/AppStatServer.Tests/AppStatServer.Tests.csproj" />
  </Folder>
</Solution>
